
Microsoft Visual Studio Solution File, Format Version 12.00
# Visual Studio 15
VisualStudioVersion = 15.0.28010.2003
MinimumVisualStudioVersion = 10.0.40219.1
Project("{8BC9CEB8-8B4A-11D0-8D11-00A0C91BC942}") = "PacketDumper", "PacketDumper\PacketDumper.vcxproj", "{6403049D-71E1-4176-9CB7-A07FAC097E2A}"
EndProject
Project("{2150E333-8FDC-42A3-9474-1A3956D46DE8}") = "Solution Items", "Solution Items", "{655156BC-6BA2-4398-A595-D6D90B52183A}"
	ProjectSection(SolutionItems) = preProject
		README.md = README.md
	EndProjectSection
EndProject
Global
	GlobalSection(SolutionConfigurationPlatforms) = preSolution
		Debug|x64 = Debug|x64
		Debug|x86 = Debug|x86
		Release|x64 = Release|x64
		Release|x86 = Release|x86
	EndGlobalSection
	GlobalSection(ProjectConfigurationPlatforms) = postSolution
		{6403049D-71E1-4176-9CB7-A07FAC097E2A}.Debug|x64.ActiveCfg = Debug|x64
		{6403049D-71E1-4176-9CB7-A07FAC097E2A}.Debug|x64.Build.0 = Debug|x64
		{6403049D-71E1-4176-9CB7-A07FAC097E2A}.Debug|x86.ActiveCfg = Debug|Win32
		{6403049D-71E1-4176-9CB7-A07FAC097E2A}.Debug|x86.Build.0 = Debug|Win32
		{6403049D-71E1-4176-9CB7-A07FAC097E2A}.Release|x64.ActiveCfg = Release|x64
		{6403049D-71E1-4176-9CB7-A07FAC097E2A}.Release|x64.Build.0 = Release|x64
		{6403049D-71E1-4176-9CB7-A07FAC097E2A}.Release|x86.ActiveCfg = Release|Win32
		{6403049D-71E1-4176-9CB7-A07FAC097E2A}.Release|x86.Build.0 = Release|Win32
	EndGlobalSection
	GlobalSection(SolutionProperties) = preSolution
		HideSolutionNode = FALSE
	EndGlobalSection
	GlobalSection(ExtensibilityGlobals) = postSolution
		SolutionGuid = {5BFD300D-5F59-48F8-8B73-47B9440E19AA}
	EndGlobalSection
EndGlobal
